Microsoft Visual Studio Solution File, Format Version 12.00
# Visual Studio Version 17
VisualStudioVersion = 17.5.2.0
MinimumVisualStudioVersion = 10.0.40219.1
Project("{FAE04EC0-301F-11D3-BF4B-00C04F79EFBC}") = "example-java-exercise-temp_water", "example-java-exercise-temp_water.csproj", "{343ACF41-B244-1884-A816-B36568F62D94}"
EndProject
Global
	GlobalSection(SolutionConfigurationPlatforms) = preSolution
		Debug|Any CPU = Debug|Any CPU
		Release|Any CPU = Release|Any CPU
	EndGlobalSection
	GlobalSection(ProjectConfigurationPlatforms) = postSolution
		{343ACF41-B244-1884-A816-B36568F62D94}.Debug|Any CPU.ActiveCfg = Debug|Any CPU
		{343ACF41-B244-1884-A816-B36568F62D94}.Debug|Any CPU.Build.0 = Debug|Any CPU
		{343ACF41-B244-1884-A816-B36568F62D94}.Release|Any CPU.ActiveCfg = Release|Any CPU
		{343ACF41-B244-1884-A816-B36568F62D94}.Release|Any CPU.Build.0 = Release|Any CPU
	EndGlobalSection
	GlobalSection(SolutionProperties) = preSolution
		HideSolutionNode = FALSE
	EndGlobalSection
	GlobalSection(ExtensibilityGlobals) = postSolution
		SolutionGuid = {86C6740C-FCE4-44A4-91CC-D8B050809237}
	EndGlobalSection
EndGlobal
